
Microsoft Visual Studio Solution File, Format Version 12.00
# Visual Studio Version 17
VisualStudioVersion = 17.0.31903.59
MinimumVisualStudioVersion = 10.0.40219.1
Project("{FAE04EC0-301F-11D3-BF4B-00C04F79EFBC}") = "ABCDoubleE.API", "ABCDoubleE.API\ABCDoubleE.API.csproj", "{79185EB5-BD97-45B4-8A1B-C421975359E7}"
EndProject
Project("{FAE04EC0-301F-11D3-BF4B-00C04F79EFBC}") = "ABCDoubleE.Tests", "ABCDoubleE.Tests\ABCDoubleE.Tests.csproj", "{B9B94620-F3C3-4AD4-A227-6C4F997FF18C}"
EndProject
Project("{FAE04EC0-301F-11D3-BF4B-00C04F79EFBC}") = "ABCDoubleE.Models", "ABCDoubleE.Models\ABCDoubleE.Models.csproj", "{F2602F54-CD5A-45BD-BFFC-9AB1B4BA66A3}"
EndProject
Project("{FAE04EC0-301F-11D3-BF4B-00C04F79EFBC}") = "ABCDoubleE.Repositories", "ABCDoubleE.Repositories\ABCDoubleE.Repositories.csproj", "{8C37DAF9-6975-4652-B164-A52F8F7EEB73}"
EndProject
Project("{FAE04EC0-301F-11D3-BF4B-00C04F79EFBC}") = "ABCDoubleE.Data", "ABCDoubleE.Data\ABCDoubleE.Data.csproj", "{9C634D1D-C11E-4AF4-A033-9DE1812A0CFA}"
EndProject
Project("{FAE04EC0-301F-11D3-BF4B-00C04F79EFBC}") = "ABCDoubleE.Services", "ABCDoubleE.Services\ABCDoubleE.Services.csproj", "{0FA307C5-6CF3-4F67-9C42-0AAC0A8998F7}"
EndProject
Project("{FAE04EC0-301F-11D3-BF4B-00C04F79EFBC}") = "ABCDoubleE.DTOs", "ABCDoubleE.DTOs\ABCDoubleE.DTOs.csproj", "{EA802B01-71E3-4D9B-9311-CE41606B0CC9}"
EndProject
Project("{FAE04EC0-301F-11D3-BF4B-00C04F79EFBC}") = "ABCDoubleE.Controllers", "ABCDoubleE.Controllers\ABCDoubleE.Controllers.csproj", "{94180510-7FFD-4151-9D88-5E384B29FC35}"
EndProject
Global
	GlobalSection(SolutionConfigurationPlatforms) = preSolution
		Debug|Any CPU = Debug|Any CPU
		Release|Any CPU = Release|Any CPU
	EndGlobalSection
	GlobalSection(SolutionProperties) = preSolution
		HideSolutionNode = FALSE
	EndGlobalSection
	GlobalSection(ProjectConfigurationPlatforms) = postSolution
		{79185EB5-BD97-45B4-8A1B-C421975359E7}.Debug|Any CPU.ActiveCfg = Debug|Any CPU
		{79185EB5-BD97-45B4-8A1B-C421975359E7}.Debug|Any CPU.Build.0 = Debug|Any CPU
		{79185EB5-BD97-45B4-8A1B-C421975359E7}.Release|Any CPU.ActiveCfg = Release|Any CPU
		{79185EB5-BD97-45B4-8A1B-C421975359E7}.Release|Any CPU.Build.0 = Release|Any CPU
		{B9B94620-F3C3-4AD4-A227-6C4F997FF18C}.Debug|Any CPU.ActiveCfg = Debug|Any CPU
		{B9B94620-F3C3-4AD4-A227-6C4F997FF18C}.Debug|Any CPU.Build.0 = Debug|Any CPU
		{B9B94620-F3C3-4AD4-A227-6C4F997FF18C}.Release|Any CPU.ActiveCfg = Release|Any CPU
		{B9B94620-F3C3-4AD4-A227-6C4F997FF18C}.Release|Any CPU.Build.0 = Release|Any CPU
		{F2602F54-CD5A-45BD-BFFC-9AB1B4BA66A3}.Debug|Any CPU.ActiveCfg = Debug|Any CPU
		{F2602F54-CD5A-45BD-BFFC-9AB1B4BA66A3}.Debug|Any CPU.Build.0 = Debug|Any CPU
		{F2602F54-CD5A-45BD-BFFC-9AB1B4BA66A3}.Release|Any CPU.ActiveCfg = Release|Any CPU
		{F2602F54-CD5A-45BD-BFFC-9AB1B4BA66A3}.Release|Any CPU.Build.0 = Release|Any CPU
		{8C37DAF9-6975-4652-B164-A52F8F7EEB73}.Debug|Any CPU.ActiveCfg = Debug|Any CPU
		{8C37DAF9-6975-4652-B164-A52F8F7EEB73}.Debug|Any CPU.Build.0 = Debug|Any CPU
		{8C37DAF9-6975-4652-B164-A52F8F7EEB73}.Release|Any CPU.ActiveCfg = Release|Any CPU
		{8C37DAF9-6975-4652-B164-A52F8F7EEB73}.Release|Any CPU.Build.0 = Release|Any CPU
		{9C634D1D-C11E-4AF4-A033-9DE1812A0CFA}.Debug|Any CPU.ActiveCfg = Debug|Any CPU
		{9C634D1D-C11E-4AF4-A033-9DE1812A0CFA}.Debug|Any CPU.Build.0 = Debug|Any CPU
		{9C634D1D-C11E-4AF4-A033-9DE1812A0CFA}.Release|Any CPU.ActiveCfg = Release|Any CPU
		{9C634D1D-C11E-4AF4-A033-9DE1812A0CFA}.Release|Any CPU.Build.0 = Release|Any CPU
		{0FA307C5-6CF3-4F67-9C42-0AAC0A8998F7}.Debug|Any CPU.ActiveCfg = Debug|Any CPU
		{0FA307C5-6CF3-4F67-9C42-0AAC0A8998F7}.Debug|Any CPU.Build.0 = Debug|Any CPU
		{0FA307C5-6CF3-4F67-9C42-0AAC0A8998F7}.Release|Any CPU.ActiveCfg = Release|Any CPU
		{0FA307C5-6CF3-4F67-9C42-0AAC0A8998F7}.Release|Any CPU.Build.0 = Release|Any CPU
		{EA802B01-71E3-4D9B-9311-CE41606B0CC9}.Debug|Any CPU.ActiveCfg = Debug|Any CPU
		{EA802B01-71E3-4D9B-9311-CE41606B0CC9}.Debug|Any CPU.Build.0 = Debug|Any CPU
		{EA802B01-71E3-4D9B-9311-CE41606B0CC9}.Release|Any CPU.ActiveCfg = Release|Any CPU
		{EA802B01-71E3-4D9B-9311-CE41606B0CC9}.Release|Any CPU.Build.0 = Release|Any CPU
		{94180510-7FFD-4151-9D88-5E384B29FC35}.Debug|Any CPU.ActiveCfg = Debug|Any CPU
		{94180510-7FFD-4151-9D88-5E384B29FC35}.Debug|Any CPU.Build.0 = Debug|Any CPU
		{94180510-7FFD-4151-9D88-5E384B29FC35}.Release|Any CPU.ActiveCfg = Release|Any CPU
		{94180510-7FFD-4151-9D88-5E384B29FC35}.Release|Any CPU.Build.0 = Release|Any CPU
	EndGlobalSection
EndGlobal
