
Microsoft Visual Studio Solution File, Format Version 12.00
# Visual Studio Version 17
VisualStudioVersion = 17.0.31903.59
MinimumVisualStudioVersion = 10.0.40219.1
Project("{FAE04EC0-301F-11D3-BF4B-00C04F79EFBC}") = "ABCDoubleE.API", "ABCDoubleE.API\ABCDoubleE.API.csproj", "{79185EB5-BD97-45B4-8A1B-C421975359E7}"
EndProject
Project("{FAE04EC0-301F-11D3-BF4B-00C04F79EFBC}") = "ABCDoubleE.Tests", "ABCDoubleE.Tests\ABCDoubleE.Tests.csproj", "{B9B94620-F3C3-4AD4-A227-6C4F997FF18C}"
EndProject
Global
	GlobalSection(SolutionConfigurationPlatforms) = preSolution
		Debug|Any CPU = Debug|Any CPU
		Release|Any CPU = Release|Any CPU
	EndGlobalSection
	GlobalSection(SolutionProperties) = preSolution
		HideSolutionNode = FALSE
	EndGlobalSection
	GlobalSection(ProjectConfigurationPlatforms) = postSolution
		{79185EB5-BD97-45B4-8A1B-C421975359E7}.Debug|Any CPU.ActiveCfg = Debug|Any CPU
		{79185EB5-BD97-45B4-8A1B-C421975359E7}.Debug|Any CPU.Build.0 = Debug|Any CPU
		{79185EB5-BD97-45B4-8A1B-C421975359E7}.Release|Any CPU.ActiveCfg = Release|Any CPU
		{79185EB5-BD97-45B4-8A1B-C421975359E7}.Release|Any CPU.Build.0 = Release|Any CPU
		{B9B94620-F3C3-4AD4-A227-6C4F997FF18C}.Debug|Any CPU.ActiveCfg = Debug|Any CPU
		{B9B94620-F3C3-4AD4-A227-6C4F997FF18C}.Debug|Any CPU.Build.0 = Debug|Any CPU
		{B9B94620-F3C3-4AD4-A227-6C4F997FF18C}.Release|Any CPU.ActiveCfg = Release|Any CPU
		{B9B94620-F3C3-4AD4-A227-6C4F997FF18C}.Release|Any CPU.Build.0 = Release|Any CPU
	EndGlobalSection
EndGlobal
